
Microsoft Visual Studio Solution File, Format Version 12.00
# Visual Studio Version 17
VisualStudioVersion = 17.4.33205.214
MinimumVisualStudioVersion = 10.0.40219.1
Project("{FAE04EC0-301F-11D3-BF4B-00C04F79EFBC}") = "WebApi", "WebApi\WebApi.csproj", "{0AABFAFA-7F54-4C77-89BA-3F8FB28F3C84}"
EndProject
Global
	GlobalSection(SolutionConfigurationPlatforms) = preSolution
		Debug|Any CPU = Debug|Any CPU
		Release|Any CPU = Release|Any CPU
	EndGlobalSection
	GlobalSection(ProjectConfigurationPlatforms) = postSolution
		{0AABFAFA-7F54-4C77-89BA-3F8FB28F3C84}.Debug|Any CPU.ActiveCfg = Debug|Any CPU
		{0AABFAFA-7F54-4C77-89BA-3F8FB28F3C84}.Debug|Any CPU.Build.0 = Debug|Any CPU
		{0AABFAFA-7F54-4C77-89BA-3F8FB28F3C84}.Release|Any CPU.ActiveCfg = Release|Any CPU
		{0AABFAFA-7F54-4C77-89BA-3F8FB28F3C84}.Release|Any CPU.Build.0 = Release|Any CPU
	EndGlobalSection
	GlobalSection(SolutionProperties) = preSolution
		HideSolutionNode = FALSE
	EndGlobalSection
	GlobalSection(ExtensibilityGlobals) = postSolution
		SolutionGuid = {97FA2C74-66CF-403A-A2AF-B20104DDD24E}
	EndGlobalSection
EndGlobal
