
Microsoft Visual Studio Solution File, Format Version 12.00
# Visual Studio Version 17
VisualStudioVersion = 17.4.33205.214
MinimumVisualStudioVersion = 10.0.40219.1
Project("{FAE04EC0-301F-11D3-BF4B-00C04F79EFBC}") = "WebApp", "WebApp\WebApp.csproj", "{E382655D-D631-4182-A1E9-715F580F420A}"
EndProject
Global
	GlobalSection(SolutionConfigurationPlatforms) = preSolution
		Debug|Any CPU = Debug|Any CPU
		Release|Any CPU = Release|Any CPU
	EndGlobalSection
	GlobalSection(ProjectConfigurationPlatforms) = postSolution
		{E382655D-D631-4182-A1E9-715F580F420A}.Debug|Any CPU.ActiveCfg = Debug|Any CPU
		{E382655D-D631-4182-A1E9-715F580F420A}.Debug|Any CPU.Build.0 = Debug|Any CPU
		{E382655D-D631-4182-A1E9-715F580F420A}.Release|Any CPU.ActiveCfg = Release|Any CPU
		{E382655D-D631-4182-A1E9-715F580F420A}.Release|Any CPU.Build.0 = Release|Any CPU
	EndGlobalSection
	GlobalSection(SolutionProperties) = preSolution
		HideSolutionNode = FALSE
	EndGlobalSection
	GlobalSection(ExtensibilityGlobals) = postSolution
		SolutionGuid = {7A5FD363-3F6B-4381-877E-1190A6064588}
	EndGlobalSection
EndGlobal
