
Microsoft Visual Studio Solution File, Format Version 12.00
# Visual Studio Version 17
VisualStudioVersion = 17.4.33205.214
MinimumVisualStudioVersion = 10.0.40219.1
Project("{FAE04EC0-301F-11D3-BF4B-00C04F79EFBC}") = "00_WebApi_With_Database", "00_WebApi_With_Database\00_WebApi_With_Database.csproj", "{34864F91-06D5-487E-A73F-7CF6364007FC}"
EndProject
Project("{FAE04EC0-301F-11D3-BF4B-00C04F79EFBC}") = "02_WebApi_SpeedRun", "02_WebApi_SpeedRun\02_WebApi_SpeedRun.csproj", "{B2017670-C526-4255-9D39-C08B09E5BCA9}"
EndProject
Project("{FAE04EC0-301F-11D3-BF4B-00C04F79EFBC}") = "03_AspNetMvc", "03_AspNetMvc\03_AspNetMvc.csproj", "{BAECD4E5-90F3-4500-A908-074BE1CCA133}"
EndProject
Global
	GlobalSection(SolutionConfigurationPlatforms) = preSolution
		Debug|Any CPU = Debug|Any CPU
		Release|Any CPU = Release|Any CPU
	EndGlobalSection
	GlobalSection(ProjectConfigurationPlatforms) = postSolution
		{34864F91-06D5-487E-A73F-7CF6364007FC}.Debug|Any CPU.ActiveCfg = Debug|Any CPU
		{34864F91-06D5-487E-A73F-7CF6364007FC}.Debug|Any CPU.Build.0 = Debug|Any CPU
		{34864F91-06D5-487E-A73F-7CF6364007FC}.Release|Any CPU.ActiveCfg = Release|Any CPU
		{34864F91-06D5-487E-A73F-7CF6364007FC}.Release|Any CPU.Build.0 = Release|Any CPU
		{B2017670-C526-4255-9D39-C08B09E5BCA9}.Debug|Any CPU.ActiveCfg = Debug|Any CPU
		{B2017670-C526-4255-9D39-C08B09E5BCA9}.Debug|Any CPU.Build.0 = Debug|Any CPU
		{B2017670-C526-4255-9D39-C08B09E5BCA9}.Release|Any CPU.ActiveCfg = Release|Any CPU
		{B2017670-C526-4255-9D39-C08B09E5BCA9}.Release|Any CPU.Build.0 = Release|Any CPU
		{BAECD4E5-90F3-4500-A908-074BE1CCA133}.Debug|Any CPU.ActiveCfg = Debug|Any CPU
		{BAECD4E5-90F3-4500-A908-074BE1CCA133}.Debug|Any CPU.Build.0 = Debug|Any CPU
		{BAECD4E5-90F3-4500-A908-074BE1CCA133}.Release|Any CPU.ActiveCfg = Release|Any CPU
		{BAECD4E5-90F3-4500-A908-074BE1CCA133}.Release|Any CPU.Build.0 = Release|Any CPU
	EndGlobalSection
	GlobalSection(SolutionProperties) = preSolution
		HideSolutionNode = FALSE
	EndGlobalSection
	GlobalSection(ExtensibilityGlobals) = postSolution
		SolutionGuid = {676252E9-7721-4C07-83E8-A78582C3413F}
	EndGlobalSection
EndGlobal
